
Microsoft Visual Studio Solution File, Format Version 12.00
Project("{FAE04EC0-301F-11D3-BF4B-00C04F79EFBC}") = "Atmoswitch", "AtmoswitchProject\Atmoswitch.csproj", "{A7B39F44-EFF7-4E66-90E4-73AB92CBF839}"
EndProject
Global
	GlobalSection(SolutionConfigurationPlatforms) = preSolution
		Debug|Any CPU = Debug|Any CPU
		Release|Any CPU = Release|Any CPU
	EndGlobalSection
	GlobalSection(ProjectConfigurationPlatforms) = postSolution
		{A7B39F44-EFF7-4E66-90E4-73AB92CBF839}.Debug|Any CPU.ActiveCfg = Debug|Any CPU
		{A7B39F44-EFF7-4E66-90E4-73AB92CBF839}.Debug|Any CPU.Build.0 = Debug|Any CPU
		{A7B39F44-EFF7-4E66-90E4-73AB92CBF839}.Release|Any CPU.ActiveCfg = Release|Any CPU
		{A7B39F44-EFF7-4E66-90E4-73AB92CBF839}.Release|Any CPU.Build.0 = Release|Any CPU
	EndGlobalSection
EndGlobal
